// !$*UTF8*$!
{
	archiveVersion = 1;
	classes = {
	};
	objectVersion = 56;
	objects = {

/* Begin PBXBuildFile section */
		4A05DCA72ADAB60C0051E166 /* UIColor+Extensions.swift in Sources */ = {isa = PBXBuildFile; fileRef = 4A05DCA62ADAB60C0051E166 /* UIColor+Extensions.swift */; };
		4A05DCAA2ADAC4B80051E166 /* CategoryViewController.swift in Sources */ = {isa = PBXBuildFile; fileRef = 4A05DCA92ADAC4B80051E166 /* CategoryViewController.swift */; };
		4A05DCAC2ADB074C0051E166 /* NewCategoryViewController.swift in Sources */ = {isa = PBXBuildFile; fileRef = 4A05DCAB2ADB074C0051E166 /* NewCategoryViewController.swift */; };
		4A05DCB02ADD895D0051E166 /* ScheduleViewController.swift in Sources */ = {isa = PBXBuildFile; fileRef = 4A05DCAF2ADD895D0051E166 /* ScheduleViewController.swift */; };
		4A05DCB22ADD97590051E166 /* ScheduleCell.swift in Sources */ = {isa = PBXBuildFile; fileRef = 4A05DCB12ADD97590051E166 /* ScheduleCell.swift */; };
		4A05DCB42AE1446C0051E166 /* CategoryCell.swift in Sources */ = {isa = PBXBuildFile; fileRef = 4A05DCB32AE1446C0051E166 /* CategoryCell.swift */; };
		4A05DCB82AE3F42D0051E166 /* ScheduleCellDelegate.swift in Sources */ = {isa = PBXBuildFile; fileRef = 4A05DCB72AE3F42D0051E166 /* ScheduleCellDelegate.swift */; };
		4A05DCBA2AE3F5CA0051E166 /* ScheduleViewControllerDelegate.swift in Sources */ = {isa = PBXBuildFile; fileRef = 4A05DCB92AE3F5CA0051E166 /* ScheduleViewControllerDelegate.swift */; };
		4A05DCBC2AE465040051E166 /* CategoryViewControllerDelegate.swift in Sources */ = {isa = PBXBuildFile; fileRef = 4A05DCBB2AE465040051E166 /* CategoryViewControllerDelegate.swift */; };
		4A05DCBE2AE6DF2E0051E166 /* TreckersCollectionViewCell.swift in Sources */ = {isa = PBXBuildFile; fileRef = 4A05DCBD2AE6DF2E0051E166 /* TreckersCollectionViewCell.swift */; };
		4A05DCC02AE996770051E166 /* TrackerHeaderCollectionViewCell.swift in Sources */ = {isa = PBXBuildFile; fileRef = 4A05DCBF2AE996770051E166 /* TrackerHeaderCollectionViewCell.swift */; };
		4A05DCC22AEA72940051E166 /* NewHabitOrEventViewControllerDelegate.swift in Sources */ = {isa = PBXBuildFile; fileRef = 4A05DCC12AEA72940051E166 /* NewHabitOrEventViewControllerDelegate.swift */; };
		4A05DCC42AEAA0F00051E166 /* CreatingTrackerViewControllerDelegate.swift in Sources */ = {isa = PBXBuildFile; fileRef = 4A05DCC32AEAA0F00051E166 /* CreatingTrackerViewControllerDelegate.swift */; };
		4A05DCC62AEBC54C0051E166 /* TreckersCollectionViewCellDelegate.swift in Sources */ = {isa = PBXBuildFile; fileRef = 4A05DCC52AEBC54C0051E166 /* TreckersCollectionViewCellDelegate.swift */; };
		4A25833E2AFBBEA3007EB2D7 /* TrackerStore.swift in Sources */ = {isa = PBXBuildFile; fileRef = 4A25833D2AFBBEA3007EB2D7 /* TrackerStore.swift */; };
		4A2583402AFBBEB3007EB2D7 /* TrackerCategoryStore.swift in Sources */ = {isa = PBXBuildFile; fileRef = 4A25833F2AFBBEB3007EB2D7 /* TrackerCategoryStore.swift */; };
		4A2583422AFBBEC2007EB2D7 /* TrackerRecordStore.swift in Sources */ = {isa = PBXBuildFile; fileRef = 4A2583412AFBBEC2007EB2D7 /* TrackerRecordStore.swift */; };
		4A2583442AFED607007EB2D7 /* String+Extension.swift in Sources */ = {isa = PBXBuildFile; fileRef = 4A2583432AFED607007EB2D7 /* String+Extension.swift */; };
		4A29CECD2B04F7C5009F413C /* OnboardingViewController.swift in Sources */ = {isa = PBXBuildFile; fileRef = 4A29CECC2B04F7C5009F413C /* OnboardingViewController.swift */; };
		4A29CED32B0508BB009F413C /* UIView+Extensions.swift in Sources */ = {isa = PBXBuildFile; fileRef = 4A29CED22B0508BB009F413C /* UIView+Extensions.swift */; };
		4A29CEF72B07736E009F413C /* CategoryViewModel.swift in Sources */ = {isa = PBXBuildFile; fileRef = 4A29CEF62B07736E009F413C /* CategoryViewModel.swift */; };
		4A29CF6B2B0F8BAE009F413C /* Localizable.strings in Resources */ = {isa = PBXBuildFile; fileRef = 4A29CF6D2B0F8BAE009F413C /* Localizable.strings */; };
		4A29CF732B10BD0B009F413C /* Localizable.stringsdict in Resources */ = {isa = PBXBuildFile; fileRef = 4A29CF752B10BD0B009F413C /* Localizable.stringsdict */; };
		4A3E78FC2AF77804002CA8D1 /* NewCategoryViewControllerDelegate.swift in Sources */ = {isa = PBXBuildFile; fileRef = 4A3E78FB2AF77804002CA8D1 /* NewCategoryViewControllerDelegate.swift */; };
		4A3E79002AF79757002CA8D1 /* EmojiAndColorHeaderView.swift in Sources */ = {isa = PBXBuildFile; fileRef = 4A3E78FF2AF79757002CA8D1 /* EmojiAndColorHeaderView.swift */; };
		4A6A90AB2B18D50E00A7F1CA /* FiltersViewController.swift in Sources */ = {isa = PBXBuildFile; fileRef = 4A6A90AA2B18D50E00A7F1CA /* FiltersViewController.swift */; };
		4A6A90AD2B18E07100A7F1CA /* FiltersCell.swift in Sources */ = {isa = PBXBuildFile; fileRef = 4A6A90AC2B18E07100A7F1CA /* FiltersCell.swift */; };
		4A6A90AF2B19090F00A7F1CA /* Filters.swift in Sources */ = {isa = PBXBuildFile; fileRef = 4A6A90AE2B19090F00A7F1CA /* Filters.swift */; };
		4A6A90B72B1A5F2200A7F1CA /* Tracker_iosTests.swift in Sources */ = {isa = PBXBuildFile; fileRef = 4A6A90B62B1A5F2200A7F1CA /* Tracker_iosTests.swift */; };
		4A6A90BF2B1A5FC100A7F1CA /* InlineSnapshotTesting in Frameworks */ = {isa = PBXBuildFile; productRef = 4A6A90BE2B1A5FC100A7F1CA /* InlineSnapshotTesting */; };
		4A6A90C12B1A5FC100A7F1CA /* SnapshotTesting in Frameworks */ = {isa = PBXBuildFile; productRef = 4A6A90C02B1A5FC100A7F1CA /* SnapshotTesting */; };
		4A90AF9D2AFF964600A83B74 /* Keyboard+Extensions.swift in Sources */ = {isa = PBXBuildFile; fileRef = 4A90AF9C2AFF964600A83B74 /* Keyboard+Extensions.swift */; };
		4AA083342AD4589000D8D18D /* StatisticsViewController.swift in Sources */ = {isa = PBXBuildFile; fileRef = 4AA083332AD4589000D8D18D /* StatisticsViewController.swift */; };
		4AA083362AD458C300D8D18D /* TabBarController.swift in Sources */ = {isa = PBXBuildFile; fileRef = 4AA083352AD458C300D8D18D /* TabBarController.swift */; };
		4AA083392AD6EAE700D8D18D /* Tracker.swift in Sources */ = {isa = PBXBuildFile; fileRef = 4AA083382AD6EAE700D8D18D /* Tracker.swift */; };
		4AA0833B2AD6EAFA00D8D18D /* TrackerCategory.swift in Sources */ = {isa = PBXBuildFile; fileRef = 4AA0833A2AD6EAFA00D8D18D /* TrackerCategory.swift */; };
		4AA0833D2AD6EB0900D8D18D /* TrackerRecord.swift in Sources */ = {isa = PBXBuildFile; fileRef = 4AA0833C2AD6EB0900D8D18D /* TrackerRecord.swift */; };
		4AA0833F2AD6F84400D8D18D /* CreatingTrackerViewController.swift in Sources */ = {isa = PBXBuildFile; fileRef = 4AA0833E2AD6F84300D8D18D /* CreatingTrackerViewController.swift */; };
		4AA083422AD7197800D8D18D /* NewHabitOrEventViewController.swift in Sources */ = {isa = PBXBuildFile; fileRef = 4AA083412AD7197800D8D18D /* NewHabitOrEventViewController.swift */; };
		4AA2F6E12AFA31A9009D1046 /* Tracker.xcdatamodeld in Sources */ = {isa = PBXBuildFile; fileRef = 4AA2F6DF2AFA31A9009D1046 /* Tracker.xcdatamodeld */; };
		4AA75A702AF030B800C26CD7 /* UITextField+Extensions.swift in Sources */ = {isa = PBXBuildFile; fileRef = 4AA75A6F2AF030B800C26CD7 /* UITextField+Extensions.swift */; };
		4AA75A732AF3FE8F00C26CD7 /* EmojiCell.swift in Sources */ = {isa = PBXBuildFile; fileRef = 4AA75A722AF3FE8F00C26CD7 /* EmojiCell.swift */; };
		4AA75A752AF513D900C26CD7 /* ColorCell.swift in Sources */ = {isa = PBXBuildFile; fileRef = 4AA75A742AF513D900C26CD7 /* ColorCell.swift */; };
		4AC281D52AC967FA00D232B4 /* AppDelegate.swift in Sources */ = {isa = PBXBuildFile; fileRef = 4AC281D42AC967FA00D232B4 /* AppDelegate.swift */; };
		4AC281D72AC967FA00D232B4 /* SceneDelegate.swift in Sources */ = {isa = PBXBuildFile; fileRef = 4AC281D62AC967FA00D232B4 /* SceneDelegate.swift */; };
		4AC281D92AC967FA00D232B4 /* TrackersViewController.swift in Sources */ = {isa = PBXBuildFile; fileRef = 4AC281D82AC967FA00D232B4 /* TrackersViewController.swift */; };
		4AC281DE2AC967FC00D232B4 /* Assets.xcassets in Resources */ = {isa = PBXBuildFile; fileRef = 4AC281DD2AC967FC00D232B4 /* Assets.xcassets */; };
		4AC281E12AC967FC00D232B4 /* LaunchScreen.storyboard in Resources */ = {isa = PBXBuildFile; fileRef = 4AC281DF2AC967FC00D232B4 /* LaunchScreen.storyboard */; };
		ABB615497FC1EBBD37956FA5 /* Pods_Tracker_ios.framework in Frameworks */ = {isa = PBXBuildFile; fileRef = 14DE8643F896D022280299EF /* Pods_Tracker_ios.framework */; };
/* End PBXBuildFile section */

/* Begin PBXContainerItemProxy section */
		4A6A90B82B1A5F2200A7F1CA /* PBXContainerItemProxy */ = {
			isa = PBXContainerItemProxy;
			containerPortal = 4AC281C92AC967FA00D232B4 /* Project object */;
			proxyType = 1;
			remoteGlobalIDString = 4AC281D02AC967FA00D232B4;
			remoteInfo = "Tracker-ios";
		};
/* End PBXContainerItemProxy section */

/* Begin PBXFileReference section */
		14DE8643F896D022280299EF /* Pods_Tracker_ios.framework */ = {isa = PBXFileReference; explicitFileType = wrapper.framework; includeInIndex = 0; path = Pods_Tracker_ios.framework; sourceTree = BUILT_PRODUCTS_DIR; };
		4979FBB17F69BE4CBF0968C5 /* Pods-Tracker-ios.debug.xcconfig */ = {isa = PBXFileReference; includeInIndex = 1; lastKnownFileType = text.xcconfig; name = "Pods-Tracker-ios.debug.xcconfig"; path = "Target Support Files/Pods-Tracker-ios/Pods-Tracker-ios.debug.xcconfig"; sourceTree = "<group>"; };
		4A05DCA62ADAB60C0051E166 /* UIColor+Extensions.swift */ = {isa = PBXFileReference; lastKnownFileType = sourcecode.swift; path = "UIColor+Extensions.swift"; sourceTree = "<group>"; };
		4A05DCA92ADAC4B80051E166 /* CategoryViewController.swift */ = {isa = PBXFileReference; lastKnownFileType = sourcecode.swift; path = CategoryViewController.swift; sourceTree = "<group>"; };
		4A05DCAB2ADB074C0051E166 /* NewCategoryViewController.swift */ = {isa = PBXFileReference; lastKnownFileType = sourcecode.swift; path = NewCategoryViewController.swift; sourceTree = "<group>"; };
		4A05DCAF2ADD895D0051E166 /* ScheduleViewController.swift */ = {isa = PBXFileReference; lastKnownFileType = sourcecode.swift; path = ScheduleViewController.swift; sourceTree = "<group>"; };
		4A05DCB12ADD97590051E166 /* ScheduleCell.swift */ = {isa = PBXFileReference; lastKnownFileType = sourcecode.swift; path = ScheduleCell.swift; sourceTree = "<group>"; };
		4A05DCB32AE1446C0051E166 /* CategoryCell.swift */ = {isa = PBXFileReference; lastKnownFileType = sourcecode.swift; path = CategoryCell.swift; sourceTree = "<group>"; };
		4A05DCB72AE3F42D0051E166 /* ScheduleCellDelegate.swift */ = {isa = PBXFileReference; lastKnownFileType = sourcecode.swift; path = ScheduleCellDelegate.swift; sourceTree = "<group>"; };
		4A05DCB92AE3F5CA0051E166 /* ScheduleViewControllerDelegate.swift */ = {isa = PBXFileReference; lastKnownFileType = sourcecode.swift; path = ScheduleViewControllerDelegate.swift; sourceTree = "<group>"; };
		4A05DCBB2AE465040051E166 /* CategoryViewControllerDelegate.swift */ = {isa = PBXFileReference; lastKnownFileType = sourcecode.swift; path = CategoryViewControllerDelegate.swift; sourceTree = "<group>"; };
		4A05DCBD2AE6DF2E0051E166 /* TreckersCollectionViewCell.swift */ = {isa = PBXFileReference; lastKnownFileType = sourcecode.swift; path = TreckersCollectionViewCell.swift; sourceTree = "<group>"; };
		4A05DCBF2AE996770051E166 /* TrackerHeaderCollectionViewCell.swift */ = {isa = PBXFileReference; lastKnownFileType = sourcecode.swift; path = TrackerHeaderCollectionViewCell.swift; sourceTree = "<group>"; };
		4A05DCC12AEA72940051E166 /* NewHabitOrEventViewControllerDelegate.swift */ = {isa = PBXFileReference; lastKnownFileType = sourcecode.swift; path = NewHabitOrEventViewControllerDelegate.swift; sourceTree = "<group>"; };
		4A05DCC32AEAA0F00051E166 /* CreatingTrackerViewControllerDelegate.swift */ = {isa = PBXFileReference; lastKnownFileType = sourcecode.swift; path = CreatingTrackerViewControllerDelegate.swift; sourceTree = "<group>"; };
		4A05DCC52AEBC54C0051E166 /* TreckersCollectionViewCellDelegate.swift */ = {isa = PBXFileReference; lastKnownFileType = sourcecode.swift; path = TreckersCollectionViewCellDelegate.swift; sourceTree = "<group>"; };
		4A25833D2AFBBEA3007EB2D7 /* TrackerStore.swift */ = {isa = PBXFileReference; lastKnownFileType = sourcecode.swift; path = TrackerStore.swift; sourceTree = "<group>"; };
		4A25833F2AFBBEB3007EB2D7 /* TrackerCategoryStore.swift */ = {isa = PBXFileReference; lastKnownFileType = sourcecode.swift; path = TrackerCategoryStore.swift; sourceTree = "<group>"; };
		4A2583412AFBBEC2007EB2D7 /* TrackerRecordStore.swift */ = {isa = PBXFileReference; lastKnownFileType = sourcecode.swift; path = TrackerRecordStore.swift; sourceTree = "<group>"; };
		4A2583432AFED607007EB2D7 /* String+Extension.swift */ = {isa = PBXFileReference; lastKnownFileType = sourcecode.swift; path = "String+Extension.swift"; sourceTree = "<group>"; };
		4A29CECC2B04F7C5009F413C /* OnboardingViewController.swift */ = {isa = PBXFileReference; lastKnownFileType = sourcecode.swift; path = OnboardingViewController.swift; sourceTree = "<group>"; };
		4A29CED22B0508BB009F413C /* UIView+Extensions.swift */ = {isa = PBXFileReference; lastKnownFileType = sourcecode.swift; path = "UIView+Extensions.swift"; sourceTree = "<group>"; };
		4A29CEF62B07736E009F413C /* CategoryViewModel.swift */ = {isa = PBXFileReference; lastKnownFileType = sourcecode.swift; path = CategoryViewModel.swift; sourceTree = "<group>"; };
		4A29CF6C2B0F8BAE009F413C /* en */ = {isa = PBXFileReference; lastKnownFileType = text.plist.strings; name = en; path = en.lproj/Localizable.strings; sourceTree = "<group>"; };
		4A29CF702B0F8C8A009F413C /* ru */ = {isa = PBXFileReference; lastKnownFileType = text.plist.strings; name = ru; path = ru.lproj/Localizable.strings; sourceTree = "<group>"; };
		4A29CF742B10BD0B009F413C /* en */ = {isa = PBXFileReference; lastKnownFileType = text.plist.stringsdict; name = en; path = en.lproj/Localizable.stringsdict; sourceTree = "<group>"; };
		4A29CF762B10BD11009F413C /* ru */ = {isa = PBXFileReference; lastKnownFileType = text.plist.stringsdict; name = ru; path = ru.lproj/Localizable.stringsdict; sourceTree = "<group>"; };
		4A3E78FB2AF77804002CA8D1 /* NewCategoryViewControllerDelegate.swift */ = {isa = PBXFileReference; lastKnownFileType = sourcecode.swift; path = NewCategoryViewControllerDelegate.swift; sourceTree = "<group>"; };
		4A3E78FF2AF79757002CA8D1 /* EmojiAndColorHeaderView.swift */ = {isa = PBXFileReference; lastKnownFileType = sourcecode.swift; path = EmojiAndColorHeaderView.swift; sourceTree = "<group>"; };
		4A6A90AA2B18D50E00A7F1CA /* FiltersViewController.swift */ = {isa = PBXFileReference; lastKnownFileType = sourcecode.swift; path = FiltersViewController.swift; sourceTree = "<group>"; };
		4A6A90AC2B18E07100A7F1CA /* FiltersCell.swift */ = {isa = PBXFileReference; lastKnownFileType = sourcecode.swift; path = FiltersCell.swift; sourceTree = "<group>"; };
		4A6A90AE2B19090F00A7F1CA /* Filters.swift */ = {isa = PBXFileReference; lastKnownFileType = sourcecode.swift; path = Filters.swift; sourceTree = "<group>"; };
		4A6A90B42B1A5F2200A7F1CA /* Tracker-iosTests.xctest */ = {isa = PBXFileReference; explicitFileType = wrapper.cfbundle; includeInIndex = 0; path = "Tracker-iosTests.xctest"; sourceTree = BUILT_PRODUCTS_DIR; };
		4A6A90B62B1A5F2200A7F1CA /* Tracker_iosTests.swift */ = {isa = PBXFileReference; lastKnownFileType = sourcecode.swift; path = Tracker_iosTests.swift; sourceTree = "<group>"; };
		4A90AF9C2AFF964600A83B74 /* Keyboard+Extensions.swift */ = {isa = PBXFileReference; lastKnownFileType = sourcecode.swift; path = "Keyboard+Extensions.swift"; sourceTree = "<group>"; };
		4AA083332AD4589000D8D18D /* StatisticsViewController.swift */ = {isa = PBXFileReference; lastKnownFileType = sourcecode.swift; path = StatisticsViewController.swift; sourceTree = "<group>"; };
		4AA083352AD458C300D8D18D /* TabBarController.swift */ = {isa = PBXFileReference; lastKnownFileType = sourcecode.swift; path = TabBarController.swift; sourceTree = "<group>"; };
		4AA083382AD6EAE700D8D18D /* Tracker.swift */ = {isa = PBXFileReference; lastKnownFileType = sourcecode.swift; path = Tracker.swift; sourceTree = "<group>"; };
		4AA0833A2AD6EAFA00D8D18D /* TrackerCategory.swift */ = {isa = PBXFileReference; lastKnownFileType = sourcecode.swift; path = TrackerCategory.swift; sourceTree = "<group>"; };
		4AA0833C2AD6EB0900D8D18D /* TrackerRecord.swift */ = {isa = PBXFileReference; lastKnownFileType = sourcecode.swift; path = TrackerRecord.swift; sourceTree = "<group>"; };
		4AA0833E2AD6F84300D8D18D /* CreatingTrackerViewController.swift */ = {isa = PBXFileReference; lastKnownFileType = sourcecode.swift; path = CreatingTrackerViewController.swift; sourceTree = "<group>"; };
		4AA083412AD7197800D8D18D /* NewHabitOrEventViewController.swift */ = {isa = PBXFileReference; lastKnownFileType = sourcecode.swift; path = NewHabitOrEventViewController.swift; sourceTree = "<group>"; };
		4AA2F6E02AFA31A9009D1046 /* Tracker.xcdatamodel */ = {isa = PBXFileReference; lastKnownFileType = wrapper.xcdatamodel; path = Tracker.xcdatamodel; sourceTree = "<group>"; };
		4AA75A6F2AF030B800C26CD7 /* UITextField+Extensions.swift */ = {isa = PBXFileReference; lastKnownFileType = sourcecode.swift; path = "UITextField+Extensions.swift"; sourceTree = "<group>"; };
		4AA75A722AF3FE8F00C26CD7 /* EmojiCell.swift */ = {isa = PBXFileReference; lastKnownFileType = sourcecode.swift; path = EmojiCell.swift; sourceTree = "<group>"; };
		4AA75A742AF513D900C26CD7 /* ColorCell.swift */ = {isa = PBXFileReference; lastKnownFileType = sourcecode.swift; path = ColorCell.swift; sourceTree = "<group>"; };
		4AC281D12AC967FA00D232B4 /* Tracker-ios.app */ = {isa = PBXFileReference; explicitFileType = wrapper.application; includeInIndex = 0; path = "Tracker-ios.app"; sourceTree = BUILT_PRODUCTS_DIR; };
		4AC281D42AC967FA00D232B4 /* AppDelegate.swift */ = {isa = PBXFileReference; lastKnownFileType = sourcecode.swift; path = AppDelegate.swift; sourceTree = "<group>"; };
		4AC281D62AC967FA00D232B4 /* SceneDelegate.swift */ = {isa = PBXFileReference; lastKnownFileType = sourcecode.swift; path = SceneDelegate.swift; sourceTree = "<group>"; };
		4AC281D82AC967FA00D232B4 /* TrackersViewController.swift */ = {isa = PBXFileReference; lastKnownFileType = sourcecode.swift; path = TrackersViewController.swift; sourceTree = "<group>"; };
		4AC281DD2AC967FC00D232B4 /* Assets.xcassets */ = {isa = PBXFileReference; lastKnownFileType = folder.assetcatalog; path = Assets.xcassets; sourceTree = "<group>"; };
		4AC281E02AC967FC00D232B4 /* Base */ = {isa = PBXFileReference; lastKnownFileType = file.storyboard; name = Base; path = Base.lproj/LaunchScreen.storyboard; sourceTree = "<group>"; };
		4AC281E22AC967FC00D232B4 /* Info.plist */ = {isa = PBXFileReference; lastKnownFileType = text.plist.xml; path = Info.plist; sourceTree = "<group>"; };
		B60595928D70AFC471442829 /* Pods-Tracker-ios.release.xcconfig */ = {isa = PBXFileReference; includeInIndex = 1; lastKnownFileType = text.xcconfig; name = "Pods-Tracker-ios.release.xcconfig"; path = "Target Support Files/Pods-Tracker-ios/Pods-Tracker-ios.release.xcconfig"; sourceTree = "<group>"; };
/* End PBXFileReference section */

/* Begin PBXFrameworksBuildPhase section */
		4A6A90B12B1A5F2200A7F1CA /* Frameworks */ = {
			isa = PBXFrameworksBuildPhase;
			buildActionMask = 2147483647;
			files = (
				4A6A90BF2B1A5FC100A7F1CA /* InlineSnapshotTesting in Frameworks */,
				4A6A90C12B1A5FC100A7F1CA /* SnapshotTesting in Frameworks */,
			);
			runOnlyForDeploymentPostprocessing = 0;
		};
		4AC281CE2AC967FA00D232B4 /* Frameworks */ = {
			isa = PBXFrameworksBuildPhase;
			buildActionMask = 2147483647;
			files = (
				ABB615497FC1EBBD37956FA5 /* Pods_Tracker_ios.framework in Frameworks */,
			);
			runOnlyForDeploymentPostprocessing = 0;
		};
/* End PBXFrameworksBuildPhase section */

/* Begin PBXGroup section */
		4A05DCA02AD86EBD0051E166 /* HabitOrEventViewController */ = {
			isa = PBXGroup;
			children = (
				4AA0833E2AD6F84300D8D18D /* CreatingTrackerViewController.swift */,
				4AA083412AD7197800D8D18D /* NewHabitOrEventViewController.swift */,
				4AA75A722AF3FE8F00C26CD7 /* EmojiCell.swift */,
				4AA75A742AF513D900C26CD7 /* ColorCell.swift */,
				4A3E78FF2AF79757002CA8D1 /* EmojiAndColorHeaderView.swift */,
				4A05DCC32AEAA0F00051E166 /* CreatingTrackerViewControllerDelegate.swift */,
				4A05DCC12AEA72940051E166 /* NewHabitOrEventViewControllerDelegate.swift */,
				4A05DCAE2ADD89390051E166 /* ScheduleViewController */,
				4A05DCAD2ADD88BB0051E166 /* CategoryViewController */,
			);
			path = HabitOrEventViewController;
			sourceTree = "<group>";
		};
		4A05DCA52ADAB5F90051E166 /* Helpers */ = {
			isa = PBXGroup;
			children = (
				4A05DCA62ADAB60C0051E166 /* UIColor+Extensions.swift */,
				4AA75A6F2AF030B800C26CD7 /* UITextField+Extensions.swift */,
				4A2583432AFED607007EB2D7 /* String+Extension.swift */,
				4A90AF9C2AFF964600A83B74 /* Keyboard+Extensions.swift */,
				4A29CED22B0508BB009F413C /* UIView+Extensions.swift */,
			);
			path = Helpers;
			sourceTree = "<group>";
		};
		4A05DCA82ADAB8030051E166 /* StatisticsViewController */ = {
			isa = PBXGroup;
			children = (
				4AA083332AD4589000D8D18D /* StatisticsViewController.swift */,
			);
			path = StatisticsViewController;
			sourceTree = "<group>";
		};
		4A05DCAD2ADD88BB0051E166 /* CategoryViewController */ = {
			isa = PBXGroup;
			children = (
				4A05DCA92ADAC4B80051E166 /* CategoryViewController.swift */,
				4A29CEF62B07736E009F413C /* CategoryViewModel.swift */,
				4A05DCB32AE1446C0051E166 /* CategoryCell.swift */,
				4A05DCAB2ADB074C0051E166 /* NewCategoryViewController.swift */,
				4A05DCBB2AE465040051E166 /* CategoryViewControllerDelegate.swift */,
				4A3E78FB2AF77804002CA8D1 /* NewCategoryViewControllerDelegate.swift */,
			);
			path = CategoryViewController;
			sourceTree = "<group>";
		};
		4A05DCAE2ADD89390051E166 /* ScheduleViewController */ = {
			isa = PBXGroup;
			children = (
				4A05DCAF2ADD895D0051E166 /* ScheduleViewController.swift */,
				4A05DCB12ADD97590051E166 /* ScheduleCell.swift */,
				4A05DCB72AE3F42D0051E166 /* ScheduleCellDelegate.swift */,
				4A05DCB92AE3F5CA0051E166 /* ScheduleViewControllerDelegate.swift */,
			);
			path = ScheduleViewController;
			sourceTree = "<group>";
		};
		4A25833C2AFBBE55007EB2D7 /* TrackerCoreData */ = {
			isa = PBXGroup;
			children = (
				4A25833D2AFBBEA3007EB2D7 /* TrackerStore.swift */,
				4A25833F2AFBBEB3007EB2D7 /* TrackerCategoryStore.swift */,
				4A2583412AFBBEC2007EB2D7 /* TrackerRecordStore.swift */,
			);
			path = TrackerCoreData;
			sourceTree = "<group>";
		};
		4A29CECB2B04F7B9009F413C /* OnboardingViewController */ = {
			isa = PBXGroup;
			children = (
				4A29CECC2B04F7C5009F413C /* OnboardingViewController.swift */,
			);
			path = OnboardingViewController;
			sourceTree = "<group>";
		};
		4A29CF132B0E19E7009F413C /* Resources */ = {
			isa = PBXGroup;
			children = (
				4A29CF6D2B0F8BAE009F413C /* Localizable.strings */,
				4A29CF752B10BD0B009F413C /* Localizable.stringsdict */,
			);
			path = Resources;
			sourceTree = "<group>";
		};
		4A6A90A92B18D4DD00A7F1CA /* FiltersViewController */ = {
			isa = PBXGroup;
			children = (
				4A6A90AA2B18D50E00A7F1CA /* FiltersViewController.swift */,
				4A6A90AC2B18E07100A7F1CA /* FiltersCell.swift */,
			);
			path = FiltersViewController;
			sourceTree = "<group>";
		};
		4A6A90B52B1A5F2200A7F1CA /* Tracker-iosTests */ = {
			isa = PBXGroup;
			children = (
				4A6A90B62B1A5F2200A7F1CA /* Tracker_iosTests.swift */,
			);
			path = "Tracker-iosTests";
			sourceTree = "<group>";
		};
		4AA083372AD6EAC400D8D18D /* Models */ = {
			isa = PBXGroup;
			children = (
				4AA083382AD6EAE700D8D18D /* Tracker.swift */,
				4AA0833A2AD6EAFA00D8D18D /* TrackerCategory.swift */,
				4AA0833C2AD6EB0900D8D18D /* TrackerRecord.swift */,
				4A6A90AE2B19090F00A7F1CA /* Filters.swift */,
			);
			path = Models;
			sourceTree = "<group>";
		};
		4AA083402AD6F84D00D8D18D /* TrackersViewController */ = {
			isa = PBXGroup;
			children = (
				4AC281D82AC967FA00D232B4 /* TrackersViewController.swift */,
				4A05DCBD2AE6DF2E0051E166 /* TreckersCollectionViewCell.swift */,
				4A05DCBF2AE996770051E166 /* TrackerHeaderCollectionViewCell.swift */,
				4A05DCC52AEBC54C0051E166 /* TreckersCollectionViewCellDelegate.swift */,
				4A6A90A92B18D4DD00A7F1CA /* FiltersViewController */,
			);
			path = TrackersViewController;
			sourceTree = "<group>";
		};
		4AC281C82AC967FA00D232B4 = {
			isa = PBXGroup;
			children = (
				4AC281D32AC967FA00D232B4 /* Tracker-ios */,
				4AA2F6DF2AFA31A9009D1046 /* Tracker.xcdatamodeld */,
				4A6A90B52B1A5F2200A7F1CA /* Tracker-iosTests */,
				4AC281D22AC967FA00D232B4 /* Products */,
				504936D8394ADEAEB716EDBB /* Pods */,
				BBF3872A47DBBFE1A1864670 /* Frameworks */,
			);
			sourceTree = "<group>";
		};
		4AC281D22AC967FA00D232B4 /* Products */ = {
			isa = PBXGroup;
			children = (
				4AC281D12AC967FA00D232B4 /* Tracker-ios.app */,
				4A6A90B42B1A5F2200A7F1CA /* Tracker-iosTests.xctest */,
			);
			name = Products;
			sourceTree = "<group>";
		};
		4AC281D32AC967FA00D232B4 /* Tracker-ios */ = {
			isa = PBXGroup;
			children = (
				4A29CF132B0E19E7009F413C /* Resources */,
				4A29CECB2B04F7B9009F413C /* OnboardingViewController */,
				4A05DCA82ADAB8030051E166 /* StatisticsViewController */,
				4A05DCA02AD86EBD0051E166 /* HabitOrEventViewController */,
				4AA083402AD6F84D00D8D18D /* TrackersViewController */,
				4AA083372AD6EAC400D8D18D /* Models */,
				4A05DCA52ADAB5F90051E166 /* Helpers */,
				4A25833C2AFBBE55007EB2D7 /* TrackerCoreData */,
				4AC281D42AC967FA00D232B4 /* AppDelegate.swift */,
				4AA083352AD458C300D8D18D /* TabBarController.swift */,
				4AC281D62AC967FA00D232B4 /* SceneDelegate.swift */,
				4AC281DD2AC967FC00D232B4 /* Assets.xcassets */,
				4AC281DF2AC967FC00D232B4 /* LaunchScreen.storyboard */,
				4AC281E22AC967FC00D232B4 /* Info.plist */,
			);
			path = "Tracker-ios";
			sourceTree = "<group>";
		};
		504936D8394ADEAEB716EDBB /* Pods */ = {
			isa = PBXGroup;
			children = (
				4979FBB17F69BE4CBF0968C5 /* Pods-Tracker-ios.debug.xcconfig */,
				B60595928D70AFC471442829 /* Pods-Tracker-ios.release.xcconfig */,
			);
			path = Pods;
			sourceTree = "<group>";
		};
		BBF3872A47DBBFE1A1864670 /* Frameworks */ = {
			isa = PBXGroup;
			children = (
				14DE8643F896D022280299EF /* Pods_Tracker_ios.framework */,
			);
			name = Frameworks;
			sourceTree = "<group>";
		};
/* End PBXGroup section */

/* Begin PBXNativeTarget section */
		4A6A90B32B1A5F2200A7F1CA /* Tracker-iosTests */ = {
			isa = PBXNativeTarget;
			buildConfigurationList = 4A6A90BA2B1A5F2200A7F1CA /* Build configuration list for PBXNativeTarget "Tracker-iosTests" */;
			buildPhases = (
				4A6A90B02B1A5F2200A7F1CA /* Sources */,
				4A6A90B12B1A5F2200A7F1CA /* Frameworks */,
				4A6A90B22B1A5F2200A7F1CA /* Resources */,
			);
			buildRules = (
			);
			dependencies = (
				4A6A90B92B1A5F2200A7F1CA /* PBXTargetDependency */,
			);
			name = "Tracker-iosTests";
			packageProductDependencies = (
				4A6A90BE2B1A5FC100A7F1CA /* InlineSnapshotTesting */,
				4A6A90C02B1A5FC100A7F1CA /* SnapshotTesting */,
			);
			productName = "Tracker-iosTests";
			productReference = 4A6A90B42B1A5F2200A7F1CA /* Tracker-iosTests.xctest */;
			productType = "com.apple.product-type.bundle.unit-test";
		};
		4AC281D02AC967FA00D232B4 /* Tracker-ios */ = {
			isa = PBXNativeTarget;
			buildConfigurationList = 4AC281E52AC967FC00D232B4 /* Build configuration list for PBXNativeTarget "Tracker-ios" */;
			buildPhases = (
				68AEE27488E93956BF2668A9 /* [CP] Check Pods Manifest.lock */,
				4AC281CD2AC967FA00D232B4 /* Sources */,
				4AC281CE2AC967FA00D232B4 /* Frameworks */,
				4AC281CF2AC967FA00D232B4 /* Resources */,
				79C6E6C9057052B312DE9B77 /* [CP] Embed Pods Frameworks */,
			);
			buildRules = (
			);
			dependencies = (
			);
			name = "Tracker-ios";
			productName = "Tracker-ios";
			productReference = 4AC281D12AC967FA00D232B4 /* Tracker-ios.app */;
			productType = "com.apple.product-type.application";
		};
/* End PBXNativeTarget section */

/* Begin PBXProject section */
		4AC281C92AC967FA00D232B4 /* Project object */ = {
			isa = PBXProject;
			attributes = {
				BuildIndependentTargetsInParallel = 1;
				LastSwiftUpdateCheck = 1430;
				LastUpgradeCheck = 1430;
				TargetAttributes = {
					4A6A90B32B1A5F2200A7F1CA = {
						CreatedOnToolsVersion = 14.3;
						TestTargetID = 4AC281D02AC967FA00D232B4;
					};
					4AC281D02AC967FA00D232B4 = {
						CreatedOnToolsVersion = 14.3;
					};
				};
			};
			buildConfigurationList = 4AC281CC2AC967FA00D232B4 /* Build configuration list for PBXProject "Tracker-ios" */;
			compatibilityVersion = "Xcode 14.0";
			developmentRegion = en;
			hasScannedForEncodings = 0;
			knownRegions = (
				en,
				Base,
				ru,
			);
			mainGroup = 4AC281C82AC967FA00D232B4;
			packageReferences = (
				4A6A90BD2B1A5FC100A7F1CA /* XCRemoteSwiftPackageReference "swift-snapshot-testing" */,
			);
			productRefGroup = 4AC281D22AC967FA00D232B4 /* Products */;
			projectDirPath = "";
			projectRoot = "";
			targets = (
				4AC281D02AC967FA00D232B4 /* Tracker-ios */,
				4A6A90B32B1A5F2200A7F1CA /* Tracker-iosTests */,
			);
		};
/* End PBXProject section */

/* Begin PBXResourcesBuildPhase section */
		4A6A90B22B1A5F2200A7F1CA /* Resources */ = {
			isa = PBXResourcesBuildPhase;
			buildActionMask = 2147483647;
			files = (
			);
			runOnlyForDeploymentPostprocessing = 0;
		};
		4AC281CF2AC967FA00D232B4 /* Resources */ = {
			isa = PBXResourcesBuildPhase;
			buildActionMask = 2147483647;
			files = (
				4AC281E12AC967FC00D232B4 /* LaunchScreen.storyboard in Resources */,
				4A29CF732B10BD0B009F413C /* Localizable.stringsdict in Resources */,
				4A29CF6B2B0F8BAE009F413C /* Localizable.strings in Resources */,
				4AC281DE2AC967FC00D232B4 /* Assets.xcassets in Resources */,
			);
			runOnlyForDeploymentPostprocessing = 0;
		};
/* End PBXResourcesBuildPhase section */

/* Begin PBXShellScriptBuildPhase section */
		68AEE27488E93956BF2668A9 /* [CP] Check Pods Manifest.lock */ = {
			isa = PBXShellScriptBuildPhase;
			buildActionMask = 2147483647;
			files = (
			);
			inputFileListPaths = (
			);
			inputPaths = (
				"${PODS_PODFILE_DIR_PATH}/Podfile.lock",
				"${PODS_ROOT}/Manifest.lock",
			);
			name = "[CP] Check Pods Manifest.lock";
			outputFileListPaths = (
			);
			outputPaths = (
				"$(DERIVED_FILE_DIR)/Pods-Tracker-ios-checkManifestLockResult.txt",
			);
			runOnlyForDeploymentPostprocessing = 0;
			shellPath = /bin/sh;
			shellScript = "diff \"${PODS_PODFILE_DIR_PATH}/Podfile.lock\" \"${PODS_ROOT}/Manifest.lock\" > /dev/null\nif [ $? != 0 ] ; then\n    # print error to STDERR\n    echo \"error: The sandbox is not in sync with the Podfile.lock. Run 'pod install' or update your CocoaPods installation.\" >&2\n    exit 1\nfi\n# This output is used by Xcode 'outputs' to avoid re-running this script phase.\necho \"SUCCESS\" > \"${SCRIPT_OUTPUT_FILE_0}\"\n";
			showEnvVarsInLog = 0;
		};
		79C6E6C9057052B312DE9B77 /* [CP] Embed Pods Frameworks */ = {
			isa = PBXShellScriptBuildPhase;
			buildActionMask = 2147483647;
			files = (
			);
			inputFileListPaths = (
				"${PODS_ROOT}/Target Support Files/Pods-Tracker-ios/Pods-Tracker-ios-frameworks-${CONFIGURATION}-input-files.xcfilelist",
			);
			name = "[CP] Embed Pods Frameworks";
			outputFileListPaths = (
				"${PODS_ROOT}/Target Support Files/Pods-Tracker-ios/Pods-Tracker-ios-frameworks-${CONFIGURATION}-output-files.xcfilelist",
			);
			runOnlyForDeploymentPostprocessing = 0;
			shellPath = /bin/sh;
			shellScript = "\"${PODS_ROOT}/Target Support Files/Pods-Tracker-ios/Pods-Tracker-ios-frameworks.sh\"\n";
			showEnvVarsInLog = 0;
		};
/* End PBXShellScriptBuildPhase section */

/* Begin PBXSourcesBuildPhase section */
		4A6A90B02B1A5F2200A7F1CA /* Sources */ = {
			isa = PBXSourcesBuildPhase;
			buildActionMask = 2147483647;
			files = (
				4A6A90B72B1A5F2200A7F1CA /* Tracker_iosTests.swift in Sources */,
			);
			runOnlyForDeploymentPostprocessing = 0;
		};
		4AC281CD2AC967FA00D232B4 /* Sources */ = {
			isa = PBXSourcesBuildPhase;
			buildActionMask = 2147483647;
			files = (
				4A05DCBE2AE6DF2E0051E166 /* TreckersCollectionViewCell.swift in Sources */,
				4AA083392AD6EAE700D8D18D /* Tracker.swift in Sources */,
				4AA0833F2AD6F84400D8D18D /* CreatingTrackerViewController.swift in Sources */,
				4A6A90AF2B19090F00A7F1CA /* Filters.swift in Sources */,
				4A05DCC42AEAA0F00051E166 /* CreatingTrackerViewControllerDelegate.swift in Sources */,
				4A90AF9D2AFF964600A83B74 /* Keyboard+Extensions.swift in Sources */,
				4A05DCAC2ADB074C0051E166 /* NewCategoryViewController.swift in Sources */,
				4A2583422AFBBEC2007EB2D7 /* TrackerRecordStore.swift in Sources */,
				4A29CED32B0508BB009F413C /* UIView+Extensions.swift in Sources */,
				4A29CECD2B04F7C5009F413C /* OnboardingViewController.swift in Sources */,
				4AA0833D2AD6EB0900D8D18D /* TrackerRecord.swift in Sources */,
				4A29CEF72B07736E009F413C /* CategoryViewModel.swift in Sources */,
				4A25833E2AFBBEA3007EB2D7 /* TrackerStore.swift in Sources */,
				4A2583442AFED607007EB2D7 /* String+Extension.swift in Sources */,
				4A05DCC22AEA72940051E166 /* NewHabitOrEventViewControllerDelegate.swift in Sources */,
				4A05DCB22ADD97590051E166 /* ScheduleCell.swift in Sources */,
				4A05DCC02AE996770051E166 /* TrackerHeaderCollectionViewCell.swift in Sources */,
				4A3E78FC2AF77804002CA8D1 /* NewCategoryViewControllerDelegate.swift in Sources */,
				4AA75A752AF513D900C26CD7 /* ColorCell.swift in Sources */,
				4A05DCC62AEBC54C0051E166 /* TreckersCollectionViewCellDelegate.swift in Sources */,
				4AA75A732AF3FE8F00C26CD7 /* EmojiCell.swift in Sources */,
				4A2583402AFBBEB3007EB2D7 /* TrackerCategoryStore.swift in Sources */,
				4A6A90AD2B18E07100A7F1CA /* FiltersCell.swift in Sources */,
				4AA2F6E12AFA31A9009D1046 /* Tracker.xcdatamodeld in Sources */,
				4AC281D92AC967FA00D232B4 /* TrackersViewController.swift in Sources */,
				4A05DCB02ADD895D0051E166 /* ScheduleViewController.swift in Sources */,
				4A05DCB82AE3F42D0051E166 /* ScheduleCellDelegate.swift in Sources */,
				4AA75A702AF030B800C26CD7 /* UITextField+Extensions.swift in Sources */,
				4A05DCAA2ADAC4B80051E166 /* CategoryViewController.swift in Sources */,
				4A3E79002AF79757002CA8D1 /* EmojiAndColorHeaderView.swift in Sources */,
				4AA083422AD7197800D8D18D /* NewHabitOrEventViewController.swift in Sources */,
				4AC281D52AC967FA00D232B4 /* AppDelegate.swift in Sources */,
				4AC281D72AC967FA00D232B4 /* SceneDelegate.swift in Sources */,
				4A6A90AB2B18D50E00A7F1CA /* FiltersViewController.swift in Sources */,
				4A05DCBA2AE3F5CA0051E166 /* ScheduleViewControllerDelegate.swift in Sources */,
				4A05DCB42AE1446C0051E166 /* CategoryCell.swift in Sources */,
				4A05DCBC2AE465040051E166 /* CategoryViewControllerDelegate.swift in Sources */,
				4A05DCA72ADAB60C0051E166 /* UIColor+Extensions.swift in Sources */,
				4AA083362AD458C300D8D18D /* TabBarController.swift in Sources */,
				4AA083342AD4589000D8D18D /* StatisticsViewController.swift in Sources */,
				4AA0833B2AD6EAFA00D8D18D /* TrackerCategory.swift in Sources */,
			);
			runOnlyForDeploymentPostprocessing = 0;
		};
/* End PBXSourcesBuildPhase section */

/* Begin PBXTargetDependency section */
		4A6A90B92B1A5F2200A7F1CA /* PBXTargetDependency */ = {
			isa = PBXTargetDependency;
			target = 4AC281D02AC967FA00D232B4 /* Tracker-ios */;
			targetProxy = 4A6A90B82B1A5F2200A7F1CA /* PBXContainerItemProxy */;
		};
/* End PBXTargetDependency section */

/* Begin PBXVariantGroup section */
		4A29CF6D2B0F8BAE009F413C /* Localizable.strings */ = {
			isa = PBXVariantGroup;
			children = (
				4A29CF6C2B0F8BAE009F413C /* en */,
				4A29CF702B0F8C8A009F413C /* ru */,
			);
			name = Localizable.strings;
			sourceTree = "<group>";
		};
		4A29CF752B10BD0B009F413C /* Localizable.stringsdict */ = {
			isa = PBXVariantGroup;
			children = (
				4A29CF742B10BD0B009F413C /* en */,
				4A29CF762B10BD11009F413C /* ru */,
			);
			name = Localizable.stringsdict;
			sourceTree = "<group>";
		};
		4AC281DF2AC967FC00D232B4 /* LaunchScreen.storyboard */ = {
			isa = PBXVariantGroup;
			children = (
				4AC281E02AC967FC00D232B4 /* Base */,
			);
			name = LaunchScreen.storyboard;
			sourceTree = "<group>";
		};
/* End PBXVariantGroup section */

/* Begin XCBuildConfiguration section */
		4A6A90BB2B1A5F2200A7F1CA /* Debug */ = {
			isa = XCBuildConfiguration;
			buildSettings = {
				BUNDLE_LOADER = "$(TEST_HOST)";
				CODE_SIGN_STYLE = Automatic;
				CURRENT_PROJECT_VERSION = 1;
				DEVELOPMENT_TEAM = YJCHVPQ6N4;
				GENERATE_INFOPLIST_FILE = YES;
				MARKETING_VERSION = 1.0;
				PRODUCT_BUNDLE_IDENTIFIER = "ru.IuriiKarpunov.Tracker-iosTests";
				PRODUCT_NAME = "$(TARGET_NAME)";
				SWIFT_EMIT_LOC_STRINGS = NO;
				SWIFT_VERSION = 5.0;
				TARGETED_DEVICE_FAMILY = "1,2";
				TEST_HOST = "$(BUILT_PRODUCTS_DIR)/Tracker-ios.app/$(BUNDLE_EXECUTABLE_FOLDER_PATH)/Tracker-ios";
			};
			name = Debug;
		};
		4A6A90BC2B1A5F2200A7F1CA /* Release */ = {
			isa = XCBuildConfiguration;
			buildSettings = {
				BUNDLE_LOADER = "$(TEST_HOST)";
				CODE_SIGN_STYLE = Automatic;
				CURRENT_PROJECT_VERSION = 1;
				DEVELOPMENT_TEAM = YJCHVPQ6N4;
				GENERATE_INFOPLIST_FILE = YES;
				MARKETING_VERSION = 1.0;
				PRODUCT_BUNDLE_IDENTIFIER = "ru.IuriiKarpunov.Tracker-iosTests";
				PRODUCT_NAME = "$(TARGET_NAME)";
				SWIFT_EMIT_LOC_STRINGS = NO;
				SWIFT_VERSION = 5.0;
				TARGETED_DEVICE_FAMILY = "1,2";
				TEST_HOST = "$(BUILT_PRODUCTS_DIR)/Tracker-ios.app/$(BUNDLE_EXECUTABLE_FOLDER_PATH)/Tracker-ios";
			};
			name = Release;
		};
		4AC281E32AC967FC00D232B4 /* Debug */ = {
			isa = XCBuildConfiguration;
			buildSettings = {
				ALWAYS_SEARCH_USER_PATHS = NO;
				CLANG_ANALYZER_LOCALIZABILITY_NONLOCALIZED = YES;
				CLANG_ANALYZER_NONNULL = YES;
				CLANG_ANALYZER_NUMBER_OBJECT_CONVERSION = YES_AGGRESSIVE;
				CLANG_CXX_LANGUAGE_STANDARD = "gnu++20";
				CLANG_ENABLE_MODULES = YES;
				CLANG_ENABLE_OBJC_ARC = YES;
				CLANG_ENABLE_OBJC_WEAK = YES;
				CLANG_WARN_BLOCK_CAPTURE_AUTORELEASING = YES;
				CLANG_WARN_BOOL_CONVERSION = YES;
				CLANG_WARN_COMMA = YES;
				CLANG_WARN_CONSTANT_CONVERSION = YES;
				CLANG_WARN_DEPRECATED_OBJC_IMPLEMENTATIONS = YES;
				CLANG_WARN_DIRECT_OBJC_ISA_USAGE = YES_ERROR;
				CLANG_WARN_DOCUMENTATION_COMMENTS = YES;
				CLANG_WARN_EMPTY_BODY = YES;
				CLANG_WARN_ENUM_CONVERSION = YES;
				CLANG_WARN_INFINITE_RECURSION = YES;
				CLANG_WARN_INT_CONVERSION = YES;
				CLANG_WARN_NON_LITERAL_NULL_CONVERSION = YES;
				CLANG_WARN_OBJC_IMPLICIT_RETAIN_SELF = YES;
				CLANG_WARN_OBJC_LITERAL_CONVERSION = YES;
				CLANG_WARN_OBJC_ROOT_CLASS = YES_ERROR;
				CLANG_WARN_QUOTED_INCLUDE_IN_FRAMEWORK_HEADER = YES;
				CLANG_WARN_RANGE_LOOP_ANALYSIS = YES;
				CLANG_WARN_STRICT_PROTOTYPES = YES;
				CLANG_WARN_SUSPICIOUS_MOVE = YES;
				CLANG_WARN_UNGUARDED_AVAILABILITY = YES_AGGRESSIVE;
				CLANG_WARN_UNREACHABLE_CODE = YES;
				CLANG_WARN__DUPLICATE_METHOD_MATCH = YES;
				COPY_PHASE_STRIP = NO;
				DEBUG_INFORMATION_FORMAT = dwarf;
				ENABLE_STRICT_OBJC_MSGSEND = YES;
				ENABLE_TESTABILITY = YES;
				GCC_C_LANGUAGE_STANDARD = gnu11;
				GCC_DYNAMIC_NO_PIC = NO;
				GCC_NO_COMMON_BLOCKS = YES;
				GCC_OPTIMIZATION_LEVEL = 0;
				GCC_PREPROCESSOR_DEFINITIONS = (
					"DEBUG=1",
					"$(inherited)",
				);
				GCC_WARN_64_TO_32_BIT_CONVERSION = YES;
				GCC_WARN_ABOUT_RETURN_TYPE = YES_ERROR;
				GCC_WARN_UNDECLARED_SELECTOR = YES;
				GCC_WARN_UNINITIALIZED_AUTOS = YES_AGGRESSIVE;
				GCC_WARN_UNUSED_FUNCTION = YES;
				GCC_WARN_UNUSED_VARIABLE = YES;
				IPHONEOS_DEPLOYMENT_TARGET = 16.4;
				MTL_ENABLE_DEBUG_INFO = INCLUDE_SOURCE;
				MTL_FAST_MATH = YES;
				ONLY_ACTIVE_ARCH = YES;
				SDKROOT = iphoneos;
				SWIFT_ACTIVE_COMPILATION_CONDITIONS = DEBUG;
				SWIFT_OPTIMIZATION_LEVEL = "-Onone";
			};
			name = Debug;
		};
		4AC281E42AC967FC00D232B4 /* Release */ = {
			isa = XCBuildConfiguration;
			buildSettings = {
				ALWAYS_SEARCH_USER_PATHS = NO;
				CLANG_ANALYZER_LOCALIZABILITY_NONLOCALIZED = YES;
				CLANG_ANALYZER_NONNULL = YES;
				CLANG_ANALYZER_NUMBER_OBJECT_CONVERSION = YES_AGGRESSIVE;
				CLANG_CXX_LANGUAGE_STANDARD = "gnu++20";
				CLANG_ENABLE_MODULES = YES;
				CLANG_ENABLE_OBJC_ARC = YES;
				CLANG_ENABLE_OBJC_WEAK = YES;
				CLANG_WARN_BLOCK_CAPTURE_AUTORELEASING = YES;
				CLANG_WARN_BOOL_CONVERSION = YES;
				CLANG_WARN_COMMA = YES;
				CLANG_WARN_CONSTANT_CONVERSION = YES;
				CLANG_WARN_DEPRECATED_OBJC_IMPLEMENTATIONS = YES;
				CLANG_WARN_DIRECT_OBJC_ISA_USAGE = YES_ERROR;
				CLANG_WARN_DOCUMENTATION_COMMENTS = YES;
				CLANG_WARN_EMPTY_BODY = YES;
				CLANG_WARN_ENUM_CONVERSION = YES;
				CLANG_WARN_INFINITE_RECURSION = YES;
				CLANG_WARN_INT_CONVERSION = YES;
				CLANG_WARN_NON_LITERAL_NULL_CONVERSION = YES;
				CLANG_WARN_OBJC_IMPLICIT_RETAIN_SELF = YES;
				CLANG_WARN_OBJC_LITERAL_CONVERSION = YES;
				CLANG_WARN_OBJC_ROOT_CLASS = YES_ERROR;
				CLANG_WARN_QUOTED_INCLUDE_IN_FRAMEWORK_HEADER = YES;
				CLANG_WARN_RANGE_LOOP_ANALYSIS = YES;
				CLANG_WARN_STRICT_PROTOTYPES = YES;
				CLANG_WARN_SUSPICIOUS_MOVE = YES;
				CLANG_WARN_UNGUARDED_AVAILABILITY = YES_AGGRESSIVE;
				CLANG_WARN_UNREACHABLE_CODE = YES;
				CLANG_WARN__DUPLICATE_METHOD_MATCH = YES;
				COPY_PHASE_STRIP = NO;
				DEBUG_INFORMATION_FORMAT = "dwarf-with-dsym";
				ENABLE_NS_ASSERTIONS = NO;
				ENABLE_STRICT_OBJC_MSGSEND = YES;
				GCC_C_LANGUAGE_STANDARD = gnu11;
				GCC_NO_COMMON_BLOCKS = YES;
				GCC_WARN_64_TO_32_BIT_CONVERSION = YES;
				GCC_WARN_ABOUT_RETURN_TYPE = YES_ERROR;
				GCC_WARN_UNDECLARED_SELECTOR = YES;
				GCC_WARN_UNINITIALIZED_AUTOS = YES_AGGRESSIVE;
				GCC_WARN_UNUSED_FUNCTION = YES;
				GCC_WARN_UNUSED_VARIABLE = YES;
				IPHONEOS_DEPLOYMENT_TARGET = 16.4;
				MTL_ENABLE_DEBUG_INFO = NO;
				MTL_FAST_MATH = YES;
				SDKROOT = iphoneos;
				SWIFT_COMPILATION_MODE = wholemodule;
				SWIFT_OPTIMIZATION_LEVEL = "-O";
				VALIDATE_PRODUCT = YES;
			};
			name = Release;
		};
		4AC281E62AC967FC00D232B4 /* Debug */ = {
			isa = XCBuildConfiguration;
			baseConfigurationReference = 4979FBB17F69BE4CBF0968C5 /* Pods-Tracker-ios.debug.xcconfig */;
			buildSettings = {
				ASSETCATALOG_COMPILER_APPICON_NAME = AppIcon;
				ASSETCATALOG_COMPILER_GLOBAL_ACCENT_COLOR_NAME = AccentColor;
				CODE_SIGN_STYLE = Automatic;
				CURRENT_PROJECT_VERSION = 1;
				DEVELOPMENT_TEAM = YJCHVPQ6N4;
				GENERATE_INFOPLIST_FILE = YES;
				INFOPLIST_FILE = "Tracker-ios/Info.plist";
				INFOPLIST_KEY_UIApplicationSupportsIndirectInputEvents = YES;
				INFOPLIST_KEY_UILaunchStoryboardName = LaunchScreen;
				INFOPLIST_KEY_UIStatusBarStyle = "";
				INFOPLIST_KEY_UISupportedInterfaceOrientations_iPad = "UIInterfaceOrientationPortrait UIInterfaceOrientationPortraitUpsideDown UIInterfaceOrientationLandscapeLeft UIInterfaceOrientationLandscapeRight";
				INFOPLIST_KEY_UISupportedInterfaceOrientations_iPhone = UIInterfaceOrientationPortrait;
				IPHONEOS_DEPLOYMENT_TARGET = 13.4;
				LD_RUNPATH_SEARCH_PATHS = (
					"$(inherited)",
					"@executable_path/Frameworks",
				);
				MARKETING_VERSION = 1.0;
				PRODUCT_BUNDLE_IDENTIFIER = "ru.IuriiKarpunov.Tracker-ios";
				PRODUCT_NAME = "$(TARGET_NAME)";
				SUPPORTED_PLATFORMS = "iphoneos iphonesimulator";
				SUPPORTS_MACCATALYST = NO;
				SUPPORTS_MAC_DESIGNED_FOR_IPHONE_IPAD = NO;
				SWIFT_EMIT_LOC_STRINGS = YES;
				SWIFT_VERSION = 5.0;
				TARGETED_DEVICE_FAMILY = 1;
			};
			name = Debug;
		};
		4AC281E72AC967FC00D232B4 /* Release */ = {
			isa = XCBuildConfiguration;
			baseConfigurationReference = B60595928D70AFC471442829 /* Pods-Tracker-ios.release.xcconfig */;
			buildSettings = {
				ASSETCATALOG_COMPILER_APPICON_NAME = AppIcon;
				ASSETCATALOG_COMPILER_GLOBAL_ACCENT_COLOR_NAME = AccentColor;
				CODE_SIGN_STYLE = Automatic;
				CURRENT_PROJECT_VERSION = 1;
				DEVELOPMENT_TEAM = YJCHVPQ6N4;
				GENERATE_INFOPLIST_FILE = YES;
				INFOPLIST_FILE = "Tracker-ios/Info.plist";
				INFOPLIST_KEY_UIApplicationSupportsIndirectInputEvents = YES;
				INFOPLIST_KEY_UILaunchStoryboardName = LaunchScreen;
				INFOPLIST_KEY_UIStatusBarStyle = "";
				INFOPLIST_KEY_UISupportedInterfaceOrientations_iPad = "UIInterfaceOrientationPortrait UIInterfaceOrientationPortraitUpsideDown UIInterfaceOrientationLandscapeLeft UIInterfaceOrientationLandscapeRight";
				INFOPLIST_KEY_UISupportedInterfaceOrientations_iPhone = UIInterfaceOrientationPortrait;
				IPHONEOS_DEPLOYMENT_TARGET = 13.4;
				LD_RUNPATH_SEARCH_PATHS = (
					"$(inherited)",
					"@executable_path/Frameworks",
				);
				MARKETING_VERSION = 1.0;
				PRODUCT_BUNDLE_IDENTIFIER = "ru.IuriiKarpunov.Tracker-ios";
				PRODUCT_NAME = "$(TARGET_NAME)";
				SUPPORTED_PLATFORMS = "iphoneos iphonesimulator";
				SUPPORTS_MACCATALYST = NO;
				SUPPORTS_MAC_DESIGNED_FOR_IPHONE_IPAD = NO;
				SWIFT_EMIT_LOC_STRINGS = YES;
				SWIFT_VERSION = 5.0;
				TARGETED_DEVICE_FAMILY = 1;
			};
			name = Release;
		};
/* End XCBuildConfiguration section */

/* Begin XCConfigurationList section */
		4A6A90BA2B1A5F2200A7F1CA /* Build configuration list for PBXNativeTarget "Tracker-iosTests" */ = {
			isa = XCConfigurationList;
			buildConfigurations = (
				4A6A90BB2B1A5F2200A7F1CA /* Debug */,
				4A6A90BC2B1A5F2200A7F1CA /* Release */,
			);
			defaultConfigurationIsVisible = 0;
			defaultConfigurationName = Release;
		};
		4AC281CC2AC967FA00D232B4 /* Build configuration list for PBXProject "Tracker-ios" */ = {
			isa = XCConfigurationList;
			buildConfigurations = (
				4AC281E32AC967FC00D232B4 /* Debug */,
				4AC281E42AC967FC00D232B4 /* Release */,
			);
			defaultConfigurationIsVisible = 0;
			defaultConfigurationName = Release;
		};
		4AC281E52AC967FC00D232B4 /* Build configuration list for PBXNativeTarget "Tracker-ios" */ = {
			isa = XCConfigurationList;
			buildConfigurations = (
				4AC281E62AC967FC00D232B4 /* Debug */,
				4AC281E72AC967FC00D232B4 /* Release */,
			);
			defaultConfigurationIsVisible = 0;
			defaultConfigurationName = Release;
		};
/* End XCConfigurationList section */

/* Begin XCRemoteSwiftPackageReference section */
		4A6A90BD2B1A5FC100A7F1CA /* XCRemoteSwiftPackageReference "swift-snapshot-testing" */ = {
			isa = XCRemoteSwiftPackageReference;
			repositoryURL = "https://github.com/pointfreeco/swift-snapshot-testing";
			requirement = {
				kind = exactVersion;
				version = 1.15.1;
			};
		};
/* End XCRemoteSwiftPackageReference section */

/* Begin XCSwiftPackageProductDependency section */
		4A6A90BE2B1A5FC100A7F1CA /* InlineSnapshotTesting */ = {
			isa = XCSwiftPackageProductDependency;
			package = 4A6A90BD2B1A5FC100A7F1CA /* XCRemoteSwiftPackageReference "swift-snapshot-testing" */;
			productName = InlineSnapshotTesting;
		};
		4A6A90C02B1A5FC100A7F1CA /* SnapshotTesting */ = {
			isa = XCSwiftPackageProductDependency;
			package = 4A6A90BD2B1A5FC100A7F1CA /* XCRemoteSwiftPackageReference "swift-snapshot-testing" */;
			productName = SnapshotTesting;
		};
/* End XCSwiftPackageProductDependency section */

/* Begin XCVersionGroup section */
		4AA2F6DF2AFA31A9009D1046 /* Tracker.xcdatamodeld */ = {
			isa = XCVersionGroup;
			children = (
				4AA2F6E02AFA31A9009D1046 /* Tracker.xcdatamodel */,
			);
			currentVersion = 4AA2F6E02AFA31A9009D1046 /* Tracker.xcdatamodel */;
			path = Tracker.xcdatamodeld;
			sourceTree = "<group>";
			versionGroupType = wrapper.xcdatamodel;
		};
/* End XCVersionGroup section */
	};
	rootObject = 4AC281C92AC967FA00D232B4 /* Project object */;
}
